
Microsoft Visual Studio Solution File, Format Version 12.00
# Visual Studio Version 16
VisualStudioVersion = 16.0.31025.194
MinimumVisualStudioVersion = 10.0.40219.1
Project("{FAE04EC0-301F-11D3-BF4B-00C04F79EFBC}") = "WorkshopApi", "WorkshopApi\WorkshopApi.csproj", "{C5172D3E-3B71-4FDA-85E9-D9495267FA88}"
EndProject
Project("{FAE04EC0-301F-11D3-BF4B-00C04F79EFBC}") = "WorkshopApiApp", "WorkshopApiApp\WorkshopApiApp.csproj", "{526B92A4-F813-4104-A7F8-A4B5A8AECC8D}"
EndProject
Global
	GlobalSection(SolutionConfigurationPlatforms) = preSolution
		Debug|Any CPU = Debug|Any CPU
		Release|Any CPU = Release|Any CPU
	EndGlobalSection
	GlobalSection(ProjectConfigurationPlatforms) = postSolution
		{C5172D3E-3B71-4FDA-85E9-D9495267FA88}.Debug|Any CPU.ActiveCfg = Debug|Any CPU
		{C5172D3E-3B71-4FDA-85E9-D9495267FA88}.Debug|Any CPU.Build.0 = Debug|Any CPU
		{C5172D3E-3B71-4FDA-85E9-D9495267FA88}.Release|Any CPU.ActiveCfg = Release|Any CPU
		{C5172D3E-3B71-4FDA-85E9-D9495267FA88}.Release|Any CPU.Build.0 = Release|Any CPU
		{526B92A4-F813-4104-A7F8-A4B5A8AECC8D}.Debug|Any CPU.ActiveCfg = Debug|Any CPU
		{526B92A4-F813-4104-A7F8-A4B5A8AECC8D}.Debug|Any CPU.Build.0 = Debug|Any CPU
		{526B92A4-F813-4104-A7F8-A4B5A8AECC8D}.Release|Any CPU.ActiveCfg = Release|Any CPU
		{526B92A4-F813-4104-A7F8-A4B5A8AECC8D}.Release|Any CPU.Build.0 = Release|Any CPU
	EndGlobalSection
	GlobalSection(SolutionProperties) = preSolution
		HideSolutionNode = FALSE
	EndGlobalSection
	GlobalSection(ExtensibilityGlobals) = postSolution
		SolutionGuid = {B0E9B105-FC43-4AEB-9365-0F59559B1636}
	EndGlobalSection
EndGlobal
